
Microsoft Visual Studio Solution File, Format Version 12.00
# Visual Studio Version 17
VisualStudioVersion = 17.12.35514.174
MinimumVisualStudioVersion = 10.0.40219.1
Project("{FAE04EC0-301F-11D3-BF4B-00C04F79EFBC}") = "HabitFlow.Api", "HabitFlow.Api\HabitFlow.Api.csproj", "{391E6A5F-0528-4C61-942B-F693470CC6EB}"
EndProject
Project("{2150E333-8FDC-42A3-9474-1A3956D46DE8}") = "src", "src", "{7EEB4C1C-A485-419F-923E-00AE503E41ED}"
EndProject
Project("{2150E333-8FDC-42A3-9474-1A3956D46DE8}") = "Solution Items", "Solution Items", "{02B3CF6A-56BB-4729-A79A-45555A56750B}"
	ProjectSection(SolutionItems) = preProject
		.editorconfig = .editorconfig
		Directory.Build.props = Directory.Build.props
		Directory.Packages.props = Directory.Packages.props
	EndProjectSection
EndProject
Project("{E53339B2-1760-4266-BCC7-CA923CBCF16C}") = "docker-compose", "docker-compose.dcproj", "{885C96FB-EAD7-4063-9B62-D1092134E2B3}"
EndProject
Global
	GlobalSection(SolutionConfigurationPlatforms) = preSolution
		Debug|Any CPU = Debug|Any CPU
		Release|Any CPU = Release|Any CPU
	EndGlobalSection
	GlobalSection(ProjectConfigurationPlatforms) = postSolution
		{391E6A5F-0528-4C61-942B-F693470CC6EB}.Debug|Any CPU.ActiveCfg = Debug|Any CPU
		{391E6A5F-0528-4C61-942B-F693470CC6EB}.Debug|Any CPU.Build.0 = Debug|Any CPU
		{391E6A5F-0528-4C61-942B-F693470CC6EB}.Release|Any CPU.ActiveCfg = Release|Any CPU
		{391E6A5F-0528-4C61-942B-F693470CC6EB}.Release|Any CPU.Build.0 = Release|Any CPU
		{885C96FB-EAD7-4063-9B62-D1092134E2B3}.Debug|Any CPU.ActiveCfg = Debug|Any CPU
		{885C96FB-EAD7-4063-9B62-D1092134E2B3}.Debug|Any CPU.Build.0 = Debug|Any CPU
		{885C96FB-EAD7-4063-9B62-D1092134E2B3}.Release|Any CPU.ActiveCfg = Release|Any CPU
		{885C96FB-EAD7-4063-9B62-D1092134E2B3}.Release|Any CPU.Build.0 = Release|Any CPU
	EndGlobalSection
	GlobalSection(SolutionProperties) = preSolution
		HideSolutionNode = FALSE
	EndGlobalSection
	GlobalSection(NestedProjects) = preSolution
		{391E6A5F-0528-4C61-942B-F693470CC6EB} = {7EEB4C1C-A485-419F-923E-00AE503E41ED}
	EndGlobalSection
EndGlobal
